
Microsoft Visual Studio Solution File, Format Version 12.00
# Visual Studio Version 17
VisualStudioVersion = 17.5.002.0
MinimumVisualStudioVersion = 10.0.40219.1
Project("{2150E333-8FDC-42A3-9474-1A3956D46DE8}") = "backend", "backend", "{A85ADC06-13A9-4676-BE1E-AEBA22CA09A6}"
EndProject
Project("{9A19103F-16F7-4668-BE54-9A1E7A4F7556}") = "EstructuraDatos", "backend\EstructuraDatos\EstructuraDatos.csproj", "{73C90E69-E404-41CA-B83B-176020C68AE4}"
EndProject
Global
	GlobalSection(SolutionConfigurationPlatforms) = preSolution
		Debug|Any CPU = Debug|Any CPU
		Release|Any CPU = Release|Any CPU
	EndGlobalSection
	GlobalSection(ProjectConfigurationPlatforms) = postSolution
		{73C90E69-E404-41CA-B83B-176020C68AE4}.Debug|Any CPU.ActiveCfg = Debug|Any CPU
		{73C90E69-E404-41CA-B83B-176020C68AE4}.Debug|Any CPU.Build.0 = Debug|Any CPU
		{73C90E69-E404-41CA-B83B-176020C68AE4}.Release|Any CPU.ActiveCfg = Release|Any CPU
		{73C90E69-E404-41CA-B83B-176020C68AE4}.Release|Any CPU.Build.0 = Release|Any CPU
	EndGlobalSection
	GlobalSection(SolutionProperties) = preSolution
		HideSolutionNode = FALSE
	EndGlobalSection
	GlobalSection(NestedProjects) = preSolution
		{73C90E69-E404-41CA-B83B-176020C68AE4} = {A85ADC06-13A9-4676-BE1E-AEBA22CA09A6}
	EndGlobalSection
	GlobalSection(ExtensibilityGlobals) = postSolution
		SolutionGuid = {325F607C-C24E-45C8-AE1D-340490535814}
	EndGlobalSection
EndGlobal
